{
  "nodes": {
    "nixCats": {
      "locked": {
        "lastModified": 1750385661,
        "narHash": "sha256-JpIEf5IrOzMTjowkxB6kgh4AK3Dp9i/T9G4w2ZiKMgQ=",
        "owner": "BirdeeHub",
        "repo": "nixCats-nvim",
        "rev": "04379fef2fbd4c9d8f4c9a6203cef135ab0b1acd",
        "type": "github"
      },
      "original": {
        "owner": "BirdeeHub",
        "repo": "nixCats-nvim",
        "type": "github"
      }
    },
    "nixpkgs": {
      "locked": {
        "lastModified": 1750994206,
        "narHash": "sha256-3u6rEbIX9CN/5A5/mc3u0wIO1geZ0EhjvPBXmRDHqWM=",
        "owner": "nixos",
        "repo": "nixpkgs",
        "rev": "80d50fc87924c2a0d346372d242c27973cf8cdbf",
        "type": "github"
      },
      "original": {
        "owner": "nixos",
        "ref": "nixpkgs-unstable",
        "repo": "nixpkgs",
        "type": "github"
      }
    },
    "root": {
      "inputs": {
        "nixCats": "nixCats",
        "nixpkgs": "nixpkgs"
      }
    }
  },
  "root": "root",
  "version": 7
}
