{
  "nodes": {
    "nixCats": {
      "locked": {
        "lastModified": 1777273601,
        "narHash": "sha256-xBUa8Tl9V7IXI+VmLEuDc81La/EhoSn1C3EVSnJ3cfU=",
        "owner": "BirdeeHub",
        "repo": "nixCats-nvim",
        "rev": "f69ea013e328841a7def7037ed59788a76be8816",
        "type": "github"
      },
      "original": {
        "owner": "BirdeeHub",
        "repo": "nixCats-nvim",
        "type": "github"
      }
    },
    "nixpkgs": {
      "locked": {
        "lastModified": 1777641297,
        "narHash": "sha256-WNGcmeOZ8Tr9dq6ztCspYbzWFswr2mPebM9LpsfGxPk=",
        "owner": "nixos",
        "repo": "nixpkgs",
        "rev": "c6d65881c5624c9cae5ea6cedef24699b0c0a4c0",
        "type": "github"
      },
      "original": {
        "owner": "nixos",
        "ref": "nixpkgs-unstable",
        "repo": "nixpkgs",
        "type": "github"
      }
    },
    "plugins-fugitive-azure-devops": {
      "flake": false,
      "locked": {
        "lastModified": 1697778554,
        "narHash": "sha256-tNQ76I7JTqY57v4iakUQV1oxtQFjmyIgCWI0sVlY43c=",
        "owner": "cedarbaum",
        "repo": "fugitive-azure-devops.vim",
        "rev": "f5fc65a35a08662f8f3b1df457cc37597004f43a",
        "type": "github"
      },
      "original": {
        "owner": "cedarbaum",
        "repo": "fugitive-azure-devops.vim",
        "type": "github"
      }
    },
    "root": {
      "inputs": {
        "nixCats": "nixCats",
        "nixpkgs": "nixpkgs",
        "plugins-fugitive-azure-devops": "plugins-fugitive-azure-devops"
      }
    }
  },
  "root": "root",
  "version": 7
}
